github.com/orsenkucher/nothing/encio v0.0.0-20200718092502-89b9762067b4 h1:NTNVvcD2owXQDUOXfFfpjIQsPZLlYhr7fUYxX4SrowI=
github.com/orsenkucher/nothing/encio v0.0.0-20200718092502-89b9762067b4/go.mod h1:NgEsur+isLpyRw0dEzCeZ+2RBtSoyumqbaJvfPx3MaI=
github.com/orsenkucher/viber v0.0.0-20200724120646-9647ba49c886 h1:YtU0KidHBYegpabGQd4YWk7FIsF0oP1i7j75v/AeW4U=
github.com/orsenkucher/viber v0.0.0-20200724120646-9647ba49c886/go.mod h1:chR/HC1FltrSYihF9rugtsa1DdEaStz32XABX/MfHb4=
