github.com/orsenkucher/nothing/encio v0.0.0-20200718092502-89b9762067b4 h1:NTNVvcD2owXQDUOXfFfpjIQsPZLlYhr7fUYxX4SrowI=
github.com/orsenkucher/nothing/encio v0.0.0-20200718092502-89b9762067b4/go.mod h1:NgEsur+isLpyRw0dEzCeZ+2RBtSoyumqbaJvfPx3MaI=
github.com/orsenkucher/viber v0.0.0-20200724121252-77f6a6654d02 h1:B6JZNrbjaVLHrFjlEvaJ8lrqjW40T4tyvlBp70Wxqns=
github.com/orsenkucher/viber v0.0.0-20200724121252-77f6a6654d02/go.mod h1:chR/HC1FltrSYihF9rugtsa1DdEaStz32XABX/MfHb4=
