github.com/orsenkucher/nothing/encio v0.0.0-20200718092502-89b9762067b4 h1:NTNVvcD2owXQDUOXfFfpjIQsPZLlYhr7fUYxX4SrowI=
github.com/orsenkucher/nothing/encio v0.0.0-20200718092502-89b9762067b4/go.mod h1:NgEsur+isLpyRw0dEzCeZ+2RBtSoyumqbaJvfPx3MaI=
github.com/orsenkucher/viber v0.0.0-20200724193322-f73f90bba952 h1:/eoNt7xIo/qU20/fF2gV/8DjSdCFypMC31nmODmSK5A=
github.com/orsenkucher/viber v0.0.0-20200724193322-f73f90bba952/go.mod h1:chR/HC1FltrSYihF9rugtsa1DdEaStz32XABX/MfHb4=
